
Microsoft Visual Studio Solution File, Format Version 12.00
# Visual Studio Version 16
VisualStudioVersion = 16.0.30907.101
MinimumVisualStudioVersion = 10.0.40219.1
Project("{9A19103F-16F7-4668-BE54-9A1E7A4F7556}") = "NLedger", "NLedger\NLedger.csproj", "{E689AF5E-55A0-47DE-A270-F3A3012FF814}"
EndProject
Project("{9A19103F-16F7-4668-BE54-9A1E7A4F7556}") = "NLedger.Tests", "NLedger.Tests\NLedger.Tests.csproj", "{BBFA464F-DDB1-441D-8138-FEFFEF7044E8}"
EndProject
Project("{9A19103F-16F7-4668-BE54-9A1E7A4F7556}") = "NLedger.CLI", "NLedger.CLI\NLedger.CLI.csproj", "{47DAEF6F-2906-4275-86E9-4928F62C1817}"
EndProject
Project("{9A19103F-16F7-4668-BE54-9A1E7A4F7556}") = "NLedger.IntegrationTests", "NLedger.IntegrationTests\NLedger.IntegrationTests.csproj", "{8715ABA4-A44B-4EFE-A3D0-0ED5DF712945}"
EndProject
Project("{2150E333-8FDC-42A3-9474-1A3956D46DE8}") = "Solution Items", "Solution Items", "{B75D944A-6385-4188-9D38-CE46D313B020}"
EndProject
Project("{9A19103F-16F7-4668-BE54-9A1E7A4F7556}") = "NLedger.Extensibility.Python", "NLedger.Extensibility.Python\NLedger.Extensibility.Python.csproj", "{150059CD-AE05-4BD4-BC40-5F81D600CC7D}"
EndProject
Project("{FAE04EC0-301F-11D3-BF4B-00C04F79EFBC}") = "NLedger.Extensibility.Python.Tests", "NLedger.Extensibility.Python.Tests\NLedger.Extensibility.Python.Tests.csproj", "{2498BA3B-76A3-4E0D-9BFA-A73BA2FFADE5}"
EndProject
Global
	GlobalSection(SolutionConfigurationPlatforms) = preSolution
		Debug|Any CPU = Debug|Any CPU
		Release|Any CPU = Release|Any CPU
	EndGlobalSection
	GlobalSection(ProjectConfigurationPlatforms) = postSolution
		{E689AF5E-55A0-47DE-A270-F3A3012FF814}.Debug|Any CPU.ActiveCfg = Debug|Any CPU
		{E689AF5E-55A0-47DE-A270-F3A3012FF814}.Debug|Any CPU.Build.0 = Debug|Any CPU
		{E689AF5E-55A0-47DE-A270-F3A3012FF814}.Release|Any CPU.ActiveCfg = Release|Any CPU
		{E689AF5E-55A0-47DE-A270-F3A3012FF814}.Release|Any CPU.Build.0 = Release|Any CPU
		{BBFA464F-DDB1-441D-8138-FEFFEF7044E8}.Debug|Any CPU.ActiveCfg = Debug|Any CPU
		{BBFA464F-DDB1-441D-8138-FEFFEF7044E8}.Debug|Any CPU.Build.0 = Debug|Any CPU
		{BBFA464F-DDB1-441D-8138-FEFFEF7044E8}.Release|Any CPU.ActiveCfg = Release|Any CPU
		{BBFA464F-DDB1-441D-8138-FEFFEF7044E8}.Release|Any CPU.Build.0 = Release|Any CPU
		{47DAEF6F-2906-4275-86E9-4928F62C1817}.Debug|Any CPU.ActiveCfg = Debug|Any CPU
		{47DAEF6F-2906-4275-86E9-4928F62C1817}.Debug|Any CPU.Build.0 = Debug|Any CPU
		{47DAEF6F-2906-4275-86E9-4928F62C1817}.Release|Any CPU.ActiveCfg = Release|Any CPU
		{47DAEF6F-2906-4275-86E9-4928F62C1817}.Release|Any CPU.Build.0 = Release|Any CPU
		{8715ABA4-A44B-4EFE-A3D0-0ED5DF712945}.Debug|Any CPU.ActiveCfg = Debug|Any CPU
		{8715ABA4-A44B-4EFE-A3D0-0ED5DF712945}.Debug|Any CPU.Build.0 = Debug|Any CPU
		{8715ABA4-A44B-4EFE-A3D0-0ED5DF712945}.Release|Any CPU.ActiveCfg = Release|Any CPU
		{8715ABA4-A44B-4EFE-A3D0-0ED5DF712945}.Release|Any CPU.Build.0 = Release|Any CPU
		{150059CD-AE05-4BD4-BC40-5F81D600CC7D}.Debug|Any CPU.ActiveCfg = Debug|Any CPU
		{150059CD-AE05-4BD4-BC40-5F81D600CC7D}.Debug|Any CPU.Build.0 = Debug|Any CPU
		{150059CD-AE05-4BD4-BC40-5F81D600CC7D}.Release|Any CPU.ActiveCfg = Release|Any CPU
		{150059CD-AE05-4BD4-BC40-5F81D600CC7D}.Release|Any CPU.Build.0 = Release|Any CPU
		{2498BA3B-76A3-4E0D-9BFA-A73BA2FFADE5}.Debug|Any CPU.ActiveCfg = Debug|Any CPU
		{2498BA3B-76A3-4E0D-9BFA-A73BA2FFADE5}.Debug|Any CPU.Build.0 = Debug|Any CPU
		{2498BA3B-76A3-4E0D-9BFA-A73BA2FFADE5}.Release|Any CPU.ActiveCfg = Release|Any CPU
		{2498BA3B-76A3-4E0D-9BFA-A73BA2FFADE5}.Release|Any CPU.Build.0 = Release|Any CPU
	EndGlobalSection
	GlobalSection(SolutionProperties) = preSolution
		HideSolutionNode = FALSE
	EndGlobalSection
	GlobalSection(ExtensibilityGlobals) = postSolution
		SolutionGuid = {A98085D8-1D0E-41A9-9E1B-E8F9821F1E27}
	EndGlobalSection
EndGlobal
